absl-py==2.5.0 \
    --hash=sha256:0f17b89f2a4eaaedc4f28c622998aa690564b3012a396a4ffad0821007fe03ba
certifi==2026.7.22 \
    --hash=sha256:62f22742b58a1a33014a2b6b706588a8d7e2a88ae7bd1a6ebe8c992928483775
cffi==2.1.1 \
    --hash=sha256:68e62fe11f30d5ca8289242866f0a5291402d8529ca2178ab8afc5c9694ae890
contourpy==1.3.3 \
    --hash=sha256:92d9abc807cf7d0e047b95ca5d957cf4792fcd04e920ca70d48add15c1a90ea7
cycler==0.12.1 \
    --hash=sha256:85cef7cff222d8644161529808465972e51340599459b8ac3ccbac5a854e0d30
flatbuffers==25.12.19 \
    --hash=sha256:7634f50c427838bb021c2d66a3d1168e9d199b0607e6329399f04846d42e20b4
fonttools==4.64.0 \
    --hash=sha256:b2763e452b025ee8e990f0462e76052de9bb094ebc21d296f62c6dfe958886b4
kiwisolver==1.5.1 \
    --hash=sha256:d27c2123977cb9269c30a49ba45f03a4323017ef693e19db4ec9dbe1299a3002
matplotlib==3.11.1 \
    --hash=sha256:c52f7ad20ef476806ed212380b1d54d20310c8b86bdc2c9a68b51f0024a44472
mediapipe==1.0.1 \
    --hash=sha256:d6050e773dc6698eb86324090f61af1ccab28a6f1e9f77d98fe0611cef707997
numpy==2.5.2 \
    --hash=sha256:8ee9c4eeb8454b3660a8b53493563c3e121c2fc94fbd72b848ef814ed7b676a9
opencv-contrib-python==5.0.0.93 \
    --hash=sha256:b84f0b0fcdbd2421b5819e517542463e71eed7f41e0a0c4ec280ed88b7269a66
packaging==26.3 \
    --hash=sha256:d7193f7c8e4e93f444fde0262bf90af30e16fa0ad0ad44cb553c87339b23cd1c
pillow==12.3.0 \
    --hash=sha256:d9c7f76c0673154f044e9d78c8655fb4213f6ca31a836df48b40fe5d187717b9
pycparser==3.0 \
    --hash=sha256:b727414169a36b7d524c1c3e31839a521725078d7b2ff038656844266160a992
pyparsing==3.3.2 \
    --hash=sha256:850ba148bd908d7e2411587e247a1e4f0327839c40e2e5e6d05a007ecc69911d
python-dateutil==2.9.0.post0 \
    --hash=sha256:a8b2bc7bffae282281c8140a97d3aa9c14da0b136dfe83f850eea9a5f7470427
rfc8785==0.1.4 \
    --hash=sha256:520d690b448ecf0703691c76e1a34a24ddcd4fc5bc41d589cb7c58ec651bcd48
six==1.17.0 \
    --hash=sha256:4721f391ed90541fddacab5acf947aa0d3dc7d27b2e1e8eda2be8970586c3274
sounddevice==0.5.6 \
    --hash=sha256:de099612311ad81e55d31ccbd83f43ea6bf4d87b48f9b6ea55a1fbcde0eee4e0
